
Microsoft Visual Studio Solution File, Format Version 12.00
# Visual Studio Version 17
VisualStudioVersion = 17.6.33815.320
MinimumVisualStudioVersion = 10.0.40219.1
Project("{FAE04EC0-301F-11D3-BF4B-00C04F79EFBC}") = "LeaveManagement.Web", "LeaveManagement.Web.csproj", "{7C653B73-5E9C-41AA-BC96-3001A9452B61}"
EndProject
Global
	GlobalSection(SolutionConfigurationPlatforms) = preSolution
		Debug|Any CPU = Debug|Any CPU
		Release|Any CPU = Release|Any CPU
	EndGlobalSection
	GlobalSection(ProjectConfigurationPlatforms) = postSolution
		{7C653B73-5E9C-41AA-BC96-3001A9452B61}.Debug|Any CPU.ActiveCfg = Debug|Any CPU
		{7C653B73-5E9C-41AA-BC96-3001A9452B61}.Debug|Any CPU.Build.0 = Debug|Any CPU
		{7C653B73-5E9C-41AA-BC96-3001A9452B61}.Release|Any CPU.ActiveCfg = Release|Any CPU
		{7C653B73-5E9C-41AA-BC96-3001A9452B61}.Release|Any CPU.Build.0 = Release|Any CPU
	EndGlobalSection
	GlobalSection(SolutionProperties) = preSolution
		HideSolutionNode = FALSE
	EndGlobalSection
	GlobalSection(ExtensibilityGlobals) = postSolution
		SolutionGuid = {33D4E452-5E8D-476E-BDE3-254A5C9B3610}
	EndGlobalSection
EndGlobal
